
Microsoft Visual Studio Solution File, Format Version 12.00
# Visual Studio Version 17
VisualStudioVersion = 17.13.35919.96 d17.13
MinimumVisualStudioVersion = 10.0.40219.1
Project("{FAE04EC0-301F-11D3-BF4B-00C04F79EFBC}") = "AlgoCSC250", "AlgoCSC250\AlgoCSC250.csproj", "{FC65C32C-D0AE-4B3B-91E4-19E971DB69C2}"
EndProject
Project("{FAE04EC0-301F-11D3-BF4B-00C04F79EFBC}") = "MsTestsProject", "MsTestsProject\MsTestsProject.csproj", "{052316E9-6E32-4EFA-9CF4-F0F89692AF85}"
EndProject
Project("{FAE04EC0-301F-11D3-BF4B-00C04F79EFBC}") = "NUnitTestsProject", "NUnitTestsProject\NUnitTestsProject.csproj", "{2A286765-3E94-4CFA-9019-FEE5CAFA6504}"
EndProject
Project("{FAE04EC0-301F-11D3-BF4B-00C04F79EFBC}") = "CodeWars", "CodeWars\CodeWars.csproj", "{EAC96AAE-A68F-40A1-AEBD-50B39A826959}"
EndProject
Project("{FAE04EC0-301F-11D3-BF4B-00C04F79EFBC}") = "SorterLibrary", "SorterLibrary\SorterLibrary.csproj", "{D4A83991-C8C6-4D3E-80DC-84B58D245D91}"
EndProject
Global
	GlobalSection(SolutionConfigurationPlatforms) = preSolution
		Debug|Any CPU = Debug|Any CPU
		Release|Any CPU = Release|Any CPU
	EndGlobalSection
	GlobalSection(ProjectConfigurationPlatforms) = postSolution
		{FC65C32C-D0AE-4B3B-91E4-19E971DB69C2}.Debug|Any CPU.ActiveCfg = Debug|Any CPU
		{FC65C32C-D0AE-4B3B-91E4-19E971DB69C2}.Debug|Any CPU.Build.0 = Debug|Any CPU
		{FC65C32C-D0AE-4B3B-91E4-19E971DB69C2}.Release|Any CPU.ActiveCfg = Release|Any CPU
		{FC65C32C-D0AE-4B3B-91E4-19E971DB69C2}.Release|Any CPU.Build.0 = Release|Any CPU
		{052316E9-6E32-4EFA-9CF4-F0F89692AF85}.Debug|Any CPU.ActiveCfg = Debug|Any CPU
		{052316E9-6E32-4EFA-9CF4-F0F89692AF85}.Debug|Any CPU.Build.0 = Debug|Any CPU
		{052316E9-6E32-4EFA-9CF4-F0F89692AF85}.Release|Any CPU.ActiveCfg = Release|Any CPU
		{052316E9-6E32-4EFA-9CF4-F0F89692AF85}.Release|Any CPU.Build.0 = Release|Any CPU
		{2A286765-3E94-4CFA-9019-FEE5CAFA6504}.Debug|Any CPU.ActiveCfg = Debug|Any CPU
		{2A286765-3E94-4CFA-9019-FEE5CAFA6504}.Debug|Any CPU.Build.0 = Debug|Any CPU
		{2A286765-3E94-4CFA-9019-FEE5CAFA6504}.Release|Any CPU.ActiveCfg = Release|Any CPU
		{2A286765-3E94-4CFA-9019-FEE5CAFA6504}.Release|Any CPU.Build.0 = Release|Any CPU
		{EAC96AAE-A68F-40A1-AEBD-50B39A826959}.Debug|Any CPU.ActiveCfg = Debug|Any CPU
		{EAC96AAE-A68F-40A1-AEBD-50B39A826959}.Debug|Any CPU.Build.0 = Debug|Any CPU
		{EAC96AAE-A68F-40A1-AEBD-50B39A826959}.Release|Any CPU.ActiveCfg = Release|Any CPU
		{EAC96AAE-A68F-40A1-AEBD-50B39A826959}.Release|Any CPU.Build.0 = Release|Any CPU
		{D4A83991-C8C6-4D3E-80DC-84B58D245D91}.Debug|Any CPU.ActiveCfg = Debug|Any CPU
		{D4A83991-C8C6-4D3E-80DC-84B58D245D91}.Debug|Any CPU.Build.0 = Debug|Any CPU
		{D4A83991-C8C6-4D3E-80DC-84B58D245D91}.Release|Any CPU.ActiveCfg = Release|Any CPU
		{D4A83991-C8C6-4D3E-80DC-84B58D245D91}.Release|Any CPU.Build.0 = Release|Any CPU
	EndGlobalSection
	GlobalSection(SolutionProperties) = preSolution
		HideSolutionNode = FALSE
	EndGlobalSection
	GlobalSection(ExtensibilityGlobals) = postSolution
		SolutionGuid = {8CCDB66C-F5FE-4684-A38B-C066C0CF14AE}
	EndGlobalSection
EndGlobal
